
Microsoft Visual Studio Solution File, Format Version 12.00
# Visual Studio Version 17
VisualStudioVersion = 17.8.34511.84
MinimumVisualStudioVersion = 10.0.40219.1
Project("{FAE04EC0-301F-11D3-BF4B-00C04F79EFBC}") = "CrudAvaloniaUI", "CrudAvaloniaUI\CrudAvaloniaUI.csproj", "{20225BCB-A852-4700-80F0-1C63CDCA8B39}"
EndProject
Global
	GlobalSection(SolutionConfigurationPlatforms) = preSolution
		Debug|Any CPU = Debug|Any CPU
		Release|Any CPU = Release|Any CPU
	EndGlobalSection
	GlobalSection(ProjectConfigurationPlatforms) = postSolution
		{20225BCB-A852-4700-80F0-1C63CDCA8B39}.Debug|Any CPU.ActiveCfg = Debug|Any CPU
		{20225BCB-A852-4700-80F0-1C63CDCA8B39}.Debug|Any CPU.Build.0 = Debug|Any CPU
		{20225BCB-A852-4700-80F0-1C63CDCA8B39}.Release|Any CPU.ActiveCfg = Release|Any CPU
		{20225BCB-A852-4700-80F0-1C63CDCA8B39}.Release|Any CPU.Build.0 = Release|Any CPU
	EndGlobalSection
	GlobalSection(SolutionProperties) = preSolution
		HideSolutionNode = FALSE
	EndGlobalSection
	GlobalSection(ExtensibilityGlobals) = postSolution
		SolutionGuid = {E8605005-7F92-43BF-A37A-7856D85D456C}
	EndGlobalSection
EndGlobal
